{
  "name": "coffee-notes",
  "version": "1.0.0",
  "lockfileVersion": 1,
  "requires": true,
  "dependencies": {
    "react-hook-form-resolvers": {
      "version": "0.0.1",
      "resolved": "https://registry.npmjs.org/react-hook-form-resolvers/-/react-hook-form-resolvers-0.0.1.tgz",
      "integrity": "sha512-9vXRZiAquinGD0QHPsx78e/SRa2+U/N++5OCAUopUJMrj8pdD4ExOE6cHG0APQC+AsaORTKRn7FwqWsBDbghSA=="
    }
  }
}
